
Microsoft Visual Studio Solution File, Format Version 12.00
# Visual Studio 2013
VisualStudioVersion = 12.0.21005.1
MinimumVisualStudioVersion = 10.0.40219.1
Project("{FAE04EC0-301F-11D3-BF4B-00C04F79EFBC}") = "rsa_test", "rsa_test\rsa_test.csproj", "{97625F3E-08D3-47B8-8259-35903ECFC691}"
EndProject
Project("{FAE04EC0-301F-11D3-BF4B-00C04F79EFBC}") = "rsa_test_v1.0", "rsa_test_v1.0\rsa_test_v1.0.csproj", "{EB204704-765C-4429-B37E-76CF2F746BB3}"
EndProject
Global
	GlobalSection(SolutionConfigurationPlatforms) = preSolution
		Debug|Any CPU = Debug|Any CPU
		Release|Any CPU = Release|Any CPU
	EndGlobalSection
	GlobalSection(ProjectConfigurationPlatforms) = postSolution
		{97625F3E-08D3-47B8-8259-35903ECFC691}.Debug|Any CPU.ActiveCfg = Debug|Any CPU
		{97625F3E-08D3-47B8-8259-35903ECFC691}.Debug|Any CPU.Build.0 = Debug|Any CPU
		{97625F3E-08D3-47B8-8259-35903ECFC691}.Release|Any CPU.ActiveCfg = Release|Any CPU
		{97625F3E-08D3-47B8-8259-35903ECFC691}.Release|Any CPU.Build.0 = Release|Any CPU
		{EB204704-765C-4429-B37E-76CF2F746BB3}.Debug|Any CPU.ActiveCfg = Debug|Any CPU
		{EB204704-765C-4429-B37E-76CF2F746BB3}.Debug|Any CPU.Build.0 = Debug|Any CPU
		{EB204704-765C-4429-B37E-76CF2F746BB3}.Release|Any CPU.ActiveCfg = Release|Any CPU
		{EB204704-765C-4429-B37E-76CF2F746BB3}.Release|Any CPU.Build.0 = Release|Any CPU
	EndGlobalSection
	GlobalSection(SolutionProperties) = preSolution
		HideSolutionNode = FALSE
	EndGlobalSection
EndGlobal
